
Microsoft Visual Studio Solution File, Format Version 12.00
# Visual Studio Version 16
VisualStudioVersion = 16.0.31624.102
MinimumVisualStudioVersion = 10.0.40219.1
Project("{FAE04EC0-301F-11D3-BF4B-00C04F79EFBC}") = "TaskAndParallelism", "TaskAndParallelism\TaskAndParallelism.csproj", "{1C397264-6AC3-4321-8097-5409DB957DE4}"
EndProject
Project("{FAE04EC0-301F-11D3-BF4B-00C04F79EFBC}") = "ReadParallel", "ReadParallel\ReadParallel.csproj", "{7077799F-4FDB-4E27-9785-C0E8D32B5086}"
EndProject
Global
	GlobalSection(SolutionConfigurationPlatforms) = preSolution
		Debug|Any CPU = Debug|Any CPU
		Release|Any CPU = Release|Any CPU
	EndGlobalSection
	GlobalSection(ProjectConfigurationPlatforms) = postSolution
		{1C397264-6AC3-4321-8097-5409DB957DE4}.Debug|Any CPU.ActiveCfg = Debug|Any CPU
		{1C397264-6AC3-4321-8097-5409DB957DE4}.Debug|Any CPU.Build.0 = Debug|Any CPU
		{1C397264-6AC3-4321-8097-5409DB957DE4}.Release|Any CPU.ActiveCfg = Release|Any CPU
		{1C397264-6AC3-4321-8097-5409DB957DE4}.Release|Any CPU.Build.0 = Release|Any CPU
		{7077799F-4FDB-4E27-9785-C0E8D32B5086}.Debug|Any CPU.ActiveCfg = Debug|Any CPU
		{7077799F-4FDB-4E27-9785-C0E8D32B5086}.Debug|Any CPU.Build.0 = Debug|Any CPU
		{7077799F-4FDB-4E27-9785-C0E8D32B5086}.Release|Any CPU.ActiveCfg = Release|Any CPU
		{7077799F-4FDB-4E27-9785-C0E8D32B5086}.Release|Any CPU.Build.0 = Release|Any CPU
	EndGlobalSection
	GlobalSection(SolutionProperties) = preSolution
		HideSolutionNode = FALSE
	EndGlobalSection
	GlobalSection(ExtensibilityGlobals) = postSolution
		SolutionGuid = {272F6DF4-7BAC-4F1D-8FD2-652419473E7E}
	EndGlobalSection
EndGlobal
